# This file is automatically @generated by Cargo.
# It is not intended for manual editing.
version = 4

[[package]]
name = "abi"
version = "3.0.0"
source = "git+https://github.com/xinix00/HopOS.git?tag=v3.0.0-alpha.10#ed14d2c9a0b6fcdc021b0b4eec8b79cb19bbff4f"
dependencies = [
 "bounded",
 "dev",
]

[[package]]
name = "applib"
version = "3.0.0"
source = "git+https://github.com/xinix00/HopOS.git?tag=v3.0.0-alpha.10#ed14d2c9a0b6fcdc021b0b4eec8b79cb19bbff4f"
dependencies = [
 "abi",
 "bounded",
 "dev",
 "executor",
 "leanhttp",
 "leannet",
 "netdev",
 "sync",
]

[[package]]
name = "auth"
version = "3.0.0"
source = "git+https://github.com/xinix00/hop.git?tag=v3.0.0-alpha.10#998ebdc571a59ce62ea0e444cd33872e54f99732"

[[package]]
name = "bounded"
version = "3.0.0"
source = "git+https://github.com/xinix00/HopOS.git?tag=v3.0.0-alpha.10#ed14d2c9a0b6fcdc021b0b4eec8b79cb19bbff4f"

[[package]]
name = "config"
version = "3.0.0"
source = "git+https://github.com/xinix00/hop.git?tag=v3.0.0-alpha.10#998ebdc571a59ce62ea0e444cd33872e54f99732"
dependencies = [
 "types",
]

[[package]]
name = "dev"
version = "3.0.0"
source = "git+https://github.com/xinix00/HopOS.git?tag=v3.0.0-alpha.10#ed14d2c9a0b6fcdc021b0b4eec8b79cb19bbff4f"

[[package]]
name = "discovery"
version = "3.0.0"
source = "git+https://github.com/xinix00/hop.git?tag=v3.0.0-alpha.10#998ebdc571a59ce62ea0e444cd33872e54f99732"
dependencies = [
 "types",
]

[[package]]
name = "executor"
version = "3.0.0"
source = "git+https://github.com/xinix00/HopOS.git?tag=v3.0.0-alpha.10#ed14d2c9a0b6fcdc021b0b4eec8b79cb19bbff4f"
dependencies = [
 "dev",
 "sync",
]

[[package]]
name = "hoplockserver"
version = "3.0.0"
dependencies = [
 "applib",
 "auth",
 "discovery",
 "hostnet",
 "leanhttp",
 "store",
 "sync",
]

[[package]]
name = "hostnet"
version = "3.0.0"
source = "git+https://github.com/xinix00/hop.git?tag=v3.0.0-alpha.10#998ebdc571a59ce62ea0e444cd33872e54f99732"
dependencies = [
 "leanhttp",
 "leanhttps",
 "leans3",
 "leantls",
]

[[package]]
name = "leanhttp"
version = "3.1.1"
source = "git+https://github.com/xinix00/lean.git?tag=v3.1.1#db6724745a2c579382c54a68c73c18d643d40038"

[[package]]
name = "leanhttps"
version = "3.1.1"
source = "git+https://github.com/xinix00/lean.git?tag=v3.1.1#db6724745a2c579382c54a68c73c18d643d40038"
dependencies = [
 "leanhttp",
 "leantls",
]

[[package]]
name = "leannet"
version = "3.0.0"
source = "git+https://github.com/xinix00/lean.git?tag=v3.0.0#a7e089448c903fe199b604d246401cbd88640de3"

[[package]]
name = "leans3"
version = "3.1.1"
source = "git+https://github.com/xinix00/lean.git?tag=v3.1.1#db6724745a2c579382c54a68c73c18d643d40038"

[[package]]
name = "leantls"
version = "3.1.1"
source = "git+https://github.com/xinix00/lean.git?tag=v3.1.1#db6724745a2c579382c54a68c73c18d643d40038"

[[package]]
name = "netdev"
version = "3.0.0"
source = "git+https://github.com/xinix00/HopOS.git?tag=v3.0.0-alpha.10#ed14d2c9a0b6fcdc021b0b4eec8b79cb19bbff4f"
dependencies = [
 "sync",
]

[[package]]
name = "store"
version = "3.0.0"
source = "git+https://github.com/xinix00/hop.git?tag=v3.0.0-alpha.10#998ebdc571a59ce62ea0e444cd33872e54f99732"
dependencies = [
 "config",
 "discovery",
 "hostnet",
 "leans3",
 "types",
]

[[package]]
name = "sync"
version = "3.0.0"
source = "git+https://github.com/xinix00/HopOS.git?tag=v3.0.0-alpha.10#ed14d2c9a0b6fcdc021b0b4eec8b79cb19bbff4f"

[[package]]
name = "types"
version = "3.0.0"
source = "git+https://github.com/xinix00/hop.git?tag=v3.0.0-alpha.10#998ebdc571a59ce62ea0e444cd33872e54f99732"
