github.com/xinix00/hoplock v0.4.1 h1:y33/9g8f26S85OuwRudjgNgstuy+N+7ocL1FqtdKJI4=
github.com/xinix00/hoplock v0.4.1/go.mod h1:0duoz1FtShLgwVffM11uWKUF4D3r7R7FdAWkMzjwSiw=
github.com/xinix00/lean v0.7.0 h1:E8V/MFpPy521/1L9iGjyBoYLuvhXGzwADOL4A/IgZcM=
github.com/xinix00/lean v0.7.0/go.mod h1:gRIa2nL/SIEsi1L/eq9EUqrKQ+jnjxUGb3IAsuVQX7U=
